github.com/01-edu/z01 v0.1.0 h1:Rr1p92CKYXUgVFw872iGDABXpdkuKf2jmS+KV6r1034=
github.com/01-edu/z01 v0.1.0/go.mod h1:BH7t35JaNFuP83rTJDc5nkSfgmC/HYVcJsUcdFqYZNo=
platform.zone01.gr/git/tvairakt/printa v0.0.0-20250904161839-206dfd7b72d4 h1:bZiXuTgjO8Yf6neICXenNU3QPWjEGGua2o7eWlkhE9Y=
platform.zone01.gr/git/tvairakt/printa v0.0.0-20250904161839-206dfd7b72d4/go.mod h1:2coIR7/1NYtH7D2TBMbpF4HyFtqBGa7tx1iy8HgZvTo=
